
Microsoft Visual Studio Solution File, Format Version 12.00
# Visual Studio 15
VisualStudioVersion = 15.0.26430.6
MinimumVisualStudioVersion = 10.0.40219.1
Project("{FAE04EC0-301F-11D3-BF4B-00C04F79EFBC}") = "01. Phonebook", "01. Phonebook\01. Phonebook.csproj", "{A5625A59-6F90-4EBB-A1DA-2818F1B8E886}"
EndProject
Project("{FAE04EC0-301F-11D3-BF4B-00C04F79EFBC}") = "02. Phonebook Upgrade", "02. Phonebook Upgrade\02. Phonebook Upgrade.csproj", "{DA797CDA-DF6A-45DB-8EE8-6251E383126C}"
EndProject
Project("{FAE04EC0-301F-11D3-BF4B-00C04F79EFBC}") = "03. A Miner Task", "03. A Miner Task\03. A Miner Task.csproj", "{CF45E7E3-B45E-4317-B473-8BF029ABAAC6}"
EndProject
Project("{FAE04EC0-301F-11D3-BF4B-00C04F79EFBC}") = "04. Fix Emails", "04. Fix Emails\04. Fix Emails.csproj", "{343D74A8-5F5F-41C5-8F0C-D8E42191D65A}"
EndProject
Global
	GlobalSection(SolutionConfigurationPlatforms) = preSolution
		Debug|Any CPU = Debug|Any CPU
		Release|Any CPU = Release|Any CPU
	EndGlobalSection
	GlobalSection(ProjectConfigurationPlatforms) = postSolution
		{A5625A59-6F90-4EBB-A1DA-2818F1B8E886}.Debug|Any CPU.ActiveCfg = Debug|Any CPU
		{A5625A59-6F90-4EBB-A1DA-2818F1B8E886}.Debug|Any CPU.Build.0 = Debug|Any CPU
		{A5625A59-6F90-4EBB-A1DA-2818F1B8E886}.Release|Any CPU.ActiveCfg = Release|Any CPU
		{A5625A59-6F90-4EBB-A1DA-2818F1B8E886}.Release|Any CPU.Build.0 = Release|Any CPU
		{DA797CDA-DF6A-45DB-8EE8-6251E383126C}.Debug|Any CPU.ActiveCfg = Debug|Any CPU
		{DA797CDA-DF6A-45DB-8EE8-6251E383126C}.Debug|Any CPU.Build.0 = Debug|Any CPU
		{DA797CDA-DF6A-45DB-8EE8-6251E383126C}.Release|Any CPU.ActiveCfg = Release|Any CPU
		{DA797CDA-DF6A-45DB-8EE8-6251E383126C}.Release|Any CPU.Build.0 = Release|Any CPU
		{CF45E7E3-B45E-4317-B473-8BF029ABAAC6}.Debug|Any CPU.ActiveCfg = Debug|Any CPU
		{CF45E7E3-B45E-4317-B473-8BF029ABAAC6}.Debug|Any CPU.Build.0 = Debug|Any CPU
		{CF45E7E3-B45E-4317-B473-8BF029ABAAC6}.Release|Any CPU.ActiveCfg = Release|Any CPU
		{CF45E7E3-B45E-4317-B473-8BF029ABAAC6}.Release|Any CPU.Build.0 = Release|Any CPU
		{343D74A8-5F5F-41C5-8F0C-D8E42191D65A}.Debug|Any CPU.ActiveCfg = Debug|Any CPU
		{343D74A8-5F5F-41C5-8F0C-D8E42191D65A}.Debug|Any CPU.Build.0 = Debug|Any CPU
		{343D74A8-5F5F-41C5-8F0C-D8E42191D65A}.Release|Any CPU.ActiveCfg = Release|Any CPU
		{343D74A8-5F5F-41C5-8F0C-D8E42191D65A}.Release|Any CPU.Build.0 = Release|Any CPU
	EndGlobalSection
	GlobalSection(SolutionProperties) = preSolution
		HideSolutionNode = FALSE
	EndGlobalSection
EndGlobal
