
Microsoft Visual Studio Solution File, Format Version 12.00
# Visual Studio 15
VisualStudioVersion = 15.0.26430.6
MinimumVisualStudioVersion = 10.0.40219.1
Project("{FAE04EC0-301F-11D3-BF4B-00C04F79EFBC}") = "01. Hello Name", "01. Hello Name\01. Hello Name.csproj", "{58D3D7E8-6E4D-405F-9A5A-3E2560092205}"
EndProject
Project("{FAE04EC0-301F-11D3-BF4B-00C04F79EFBC}") = "02. Max Method", "02. Max Method\02. Max Method.csproj", "{02E806E2-25C8-4278-88D2-85C092D4D27E}"
EndProject
Project("{FAE04EC0-301F-11D3-BF4B-00C04F79EFBC}") = "03. English Name of Last Digit", "03. English Name of Last Digit\03. English Name of Last Digit.csproj", "{16A2085F-A3DF-4136-8CCB-62F1E18DC5D6}"
EndProject
Project("{FAE04EC0-301F-11D3-BF4B-00C04F79EFBC}") = "04. Numbers in Reversed Order", "04. Numbers in Reversed Order\04. Numbers in Reversed Order.csproj", "{607CF3FF-86F6-4E1A-B924-DAE0AFFCAF7D}"
EndProject
Project("{FAE04EC0-301F-11D3-BF4B-00C04F79EFBC}") = "06. Prime Checker", "06. Prime Checker\06. Prime Checker.csproj", "{AB864648-F793-4F16-A5FE-61761394BB55}"
EndProject
Project("{FAE04EC0-301F-11D3-BF4B-00C04F79EFBC}") = "07. Primes in Given Range", "07. Primes in Given Range\07. Primes in Given Range.csproj", "{843ED18B-F851-420A-A009-49F9A4066B51}"
EndProject
Project("{FAE04EC0-301F-11D3-BF4B-00C04F79EFBC}") = "10. Cube Properties", "10. Cube Properties\10. Cube Properties.csproj", "{20CD6B26-3788-4DDB-A462-487B2691BF24}"
EndProject
Project("{FAE04EC0-301F-11D3-BF4B-00C04F79EFBC}") = "11. Geometry Calculator", "11. Geometry Calculator\11. Geometry Calculator.csproj", "{ABBB63F2-EF4D-42FB-8E3B-5D3F9A17D1B5}"
EndProject
Project("{FAE04EC0-301F-11D3-BF4B-00C04F79EFBC}") = "05. Fibonacci Numbers", "05. Fibonacci Numbers\05. Fibonacci Numbers.csproj", "{3AF42420-85A7-4889-8F4F-BD2539DF0560}"
EndProject
Project("{FAE04EC0-301F-11D3-BF4B-00C04F79EFBC}") = "12. Master Number", "12. Master Number\12. Master Number.csproj", "{DB381008-7A59-4D8C-87BF-367E9A11FE70}"
EndProject
Project("{FAE04EC0-301F-11D3-BF4B-00C04F79EFBC}") = "13. Factorial", "13. Factorial\13. Factorial.csproj", "{5325B26D-5830-44D7-A07A-B65E96C0A8CB}"
EndProject
Project("{FAE04EC0-301F-11D3-BF4B-00C04F79EFBC}") = "14. Factorial Trailing Zeroes", "14. Factorial Trailing Zeroes\14. Factorial Trailing Zeroes.csproj", "{9365B73D-B9C5-454E-9AC0-67B83DF66243}"
EndProject
Project("{FAE04EC0-301F-11D3-BF4B-00C04F79EFBC}") = "08. Center Point", "08. Center Point\08. Center Point.csproj", "{0FE98748-6175-47A7-8A73-36BF9581E3D9}"
EndProject
Project("{FAE04EC0-301F-11D3-BF4B-00C04F79EFBC}") = "09. Longer Line", "09. Longer Line\09. Longer Line.csproj", "{2FC42B2E-60E2-4E1B-AB68-612FFE75DF3E}"
EndProject
Project("{FAE04EC0-301F-11D3-BF4B-00C04F79EFBC}") = "15. Substring", "15. Substring\15. Substring.csproj", "{4970442B-26D1-4074-A873-D23091598698}"
EndProject
Project("{FAE04EC0-301F-11D3-BF4B-00C04F79EFBC}") = "16.  Instruction Set", "16.  Instruction Set\16.  Instruction Set.csproj", "{6CAEFE7F-D591-40ED-95CE-650A8E6F1218}"
EndProject
Project("{FAE04EC0-301F-11D3-BF4B-00C04F79EFBC}") = "17.  Be Positive", "17.  Be Positive\17.  Be Positive.csproj", "{5BE098FD-5AA6-405B-90F5-8D70AF78C262}"
EndProject
Project("{FAE04EC0-301F-11D3-BF4B-00C04F79EFBC}") = "18.  Sequence of Commands", "18.  Sequence of Commands\18.  Sequence of Commands.csproj", "{F712737C-E4C1-4942-A080-81D18D9A8465}"
EndProject
Global
	GlobalSection(SolutionConfigurationPlatforms) = preSolution
		Debug|Any CPU = Debug|Any CPU
		Release|Any CPU = Release|Any CPU
	EndGlobalSection
	GlobalSection(ProjectConfigurationPlatforms) = postSolution
		{58D3D7E8-6E4D-405F-9A5A-3E2560092205}.Debug|Any CPU.ActiveCfg = Debug|Any CPU
		{58D3D7E8-6E4D-405F-9A5A-3E2560092205}.Debug|Any CPU.Build.0 = Debug|Any CPU
		{58D3D7E8-6E4D-405F-9A5A-3E2560092205}.Release|Any CPU.ActiveCfg = Release|Any CPU
		{58D3D7E8-6E4D-405F-9A5A-3E2560092205}.Release|Any CPU.Build.0 = Release|Any CPU
		{02E806E2-25C8-4278-88D2-85C092D4D27E}.Debug|Any CPU.ActiveCfg = Debug|Any CPU
		{02E806E2-25C8-4278-88D2-85C092D4D27E}.Debug|Any CPU.Build.0 = Debug|Any CPU
		{02E806E2-25C8-4278-88D2-85C092D4D27E}.Release|Any CPU.ActiveCfg = Release|Any CPU
		{02E806E2-25C8-4278-88D2-85C092D4D27E}.Release|Any CPU.Build.0 = Release|Any CPU
		{16A2085F-A3DF-4136-8CCB-62F1E18DC5D6}.Debug|Any CPU.ActiveCfg = Debug|Any CPU
		{16A2085F-A3DF-4136-8CCB-62F1E18DC5D6}.Debug|Any CPU.Build.0 = Debug|Any CPU
		{16A2085F-A3DF-4136-8CCB-62F1E18DC5D6}.Release|Any CPU.ActiveCfg = Release|Any CPU
		{16A2085F-A3DF-4136-8CCB-62F1E18DC5D6}.Release|Any CPU.Build.0 = Release|Any CPU
		{607CF3FF-86F6-4E1A-B924-DAE0AFFCAF7D}.Debug|Any CPU.ActiveCfg = Debug|Any CPU
		{607CF3FF-86F6-4E1A-B924-DAE0AFFCAF7D}.Debug|Any CPU.Build.0 = Debug|Any CPU
		{607CF3FF-86F6-4E1A-B924-DAE0AFFCAF7D}.Release|Any CPU.ActiveCfg = Release|Any CPU
		{607CF3FF-86F6-4E1A-B924-DAE0AFFCAF7D}.Release|Any CPU.Build.0 = Release|Any CPU
		{AB864648-F793-4F16-A5FE-61761394BB55}.Debug|Any CPU.ActiveCfg = Debug|Any CPU
		{AB864648-F793-4F16-A5FE-61761394BB55}.Debug|Any CPU.Build.0 = Debug|Any CPU
		{AB864648-F793-4F16-A5FE-61761394BB55}.Release|Any CPU.ActiveCfg = Release|Any CPU
		{AB864648-F793-4F16-A5FE-61761394BB55}.Release|Any CPU.Build.0 = Release|Any CPU
		{843ED18B-F851-420A-A009-49F9A4066B51}.Debug|Any CPU.ActiveCfg = Debug|Any CPU
		{843ED18B-F851-420A-A009-49F9A4066B51}.Debug|Any CPU.Build.0 = Debug|Any CPU
		{843ED18B-F851-420A-A009-49F9A4066B51}.Release|Any CPU.ActiveCfg = Release|Any CPU
		{843ED18B-F851-420A-A009-49F9A4066B51}.Release|Any CPU.Build.0 = Release|Any CPU
		{20CD6B26-3788-4DDB-A462-487B2691BF24}.Debug|Any CPU.ActiveCfg = Debug|Any CPU
		{20CD6B26-3788-4DDB-A462-487B2691BF24}.Debug|Any CPU.Build.0 = Debug|Any CPU
		{20CD6B26-3788-4DDB-A462-487B2691BF24}.Release|Any CPU.ActiveCfg = Release|Any CPU
		{20CD6B26-3788-4DDB-A462-487B2691BF24}.Release|Any CPU.Build.0 = Release|Any CPU
		{ABBB63F2-EF4D-42FB-8E3B-5D3F9A17D1B5}.Debug|Any CPU.ActiveCfg = Debug|Any CPU
		{ABBB63F2-EF4D-42FB-8E3B-5D3F9A17D1B5}.Debug|Any CPU.Build.0 = Debug|Any CPU
		{ABBB63F2-EF4D-42FB-8E3B-5D3F9A17D1B5}.Release|Any CPU.ActiveCfg = Release|Any CPU
		{ABBB63F2-EF4D-42FB-8E3B-5D3F9A17D1B5}.Release|Any CPU.Build.0 = Release|Any CPU
		{3AF42420-85A7-4889-8F4F-BD2539DF0560}.Debug|Any CPU.ActiveCfg = Debug|Any CPU
		{3AF42420-85A7-4889-8F4F-BD2539DF0560}.Debug|Any CPU.Build.0 = Debug|Any CPU
		{3AF42420-85A7-4889-8F4F-BD2539DF0560}.Release|Any CPU.ActiveCfg = Release|Any CPU
		{3AF42420-85A7-4889-8F4F-BD2539DF0560}.Release|Any CPU.Build.0 = Release|Any CPU
		{DB381008-7A59-4D8C-87BF-367E9A11FE70}.Debug|Any CPU.ActiveCfg = Debug|Any CPU
		{DB381008-7A59-4D8C-87BF-367E9A11FE70}.Debug|Any CPU.Build.0 = Debug|Any CPU
		{DB381008-7A59-4D8C-87BF-367E9A11FE70}.Release|Any CPU.ActiveCfg = Release|Any CPU
		{DB381008-7A59-4D8C-87BF-367E9A11FE70}.Release|Any CPU.Build.0 = Release|Any CPU
		{5325B26D-5830-44D7-A07A-B65E96C0A8CB}.Debug|Any CPU.ActiveCfg = Debug|Any CPU
		{5325B26D-5830-44D7-A07A-B65E96C0A8CB}.Debug|Any CPU.Build.0 = Debug|Any CPU
		{5325B26D-5830-44D7-A07A-B65E96C0A8CB}.Release|Any CPU.ActiveCfg = Release|Any CPU
		{5325B26D-5830-44D7-A07A-B65E96C0A8CB}.Release|Any CPU.Build.0 = Release|Any CPU
		{9365B73D-B9C5-454E-9AC0-67B83DF66243}.Debug|Any CPU.ActiveCfg = Debug|Any CPU
		{9365B73D-B9C5-454E-9AC0-67B83DF66243}.Debug|Any CPU.Build.0 = Debug|Any CPU
		{9365B73D-B9C5-454E-9AC0-67B83DF66243}.Release|Any CPU.ActiveCfg = Release|Any CPU
		{9365B73D-B9C5-454E-9AC0-67B83DF66243}.Release|Any CPU.Build.0 = Release|Any CPU
		{0FE98748-6175-47A7-8A73-36BF9581E3D9}.Debug|Any CPU.ActiveCfg = Debug|Any CPU
		{0FE98748-6175-47A7-8A73-36BF9581E3D9}.Debug|Any CPU.Build.0 = Debug|Any CPU
		{0FE98748-6175-47A7-8A73-36BF9581E3D9}.Release|Any CPU.ActiveCfg = Release|Any CPU
		{0FE98748-6175-47A7-8A73-36BF9581E3D9}.Release|Any CPU.Build.0 = Release|Any CPU
		{2FC42B2E-60E2-4E1B-AB68-612FFE75DF3E}.Debug|Any CPU.ActiveCfg = Debug|Any CPU
		{2FC42B2E-60E2-4E1B-AB68-612FFE75DF3E}.Debug|Any CPU.Build.0 = Debug|Any CPU
		{2FC42B2E-60E2-4E1B-AB68-612FFE75DF3E}.Release|Any CPU.ActiveCfg = Release|Any CPU
		{2FC42B2E-60E2-4E1B-AB68-612FFE75DF3E}.Release|Any CPU.Build.0 = Release|Any CPU
		{4970442B-26D1-4074-A873-D23091598698}.Debug|Any CPU.ActiveCfg = Debug|Any CPU
		{4970442B-26D1-4074-A873-D23091598698}.Debug|Any CPU.Build.0 = Debug|Any CPU
		{4970442B-26D1-4074-A873-D23091598698}.Release|Any CPU.ActiveCfg = Release|Any CPU
		{4970442B-26D1-4074-A873-D23091598698}.Release|Any CPU.Build.0 = Release|Any CPU
		{6CAEFE7F-D591-40ED-95CE-650A8E6F1218}.Debug|Any CPU.ActiveCfg = Debug|Any CPU
		{6CAEFE7F-D591-40ED-95CE-650A8E6F1218}.Debug|Any CPU.Build.0 = Debug|Any CPU
		{6CAEFE7F-D591-40ED-95CE-650A8E6F1218}.Release|Any CPU.ActiveCfg = Release|Any CPU
		{6CAEFE7F-D591-40ED-95CE-650A8E6F1218}.Release|Any CPU.Build.0 = Release|Any CPU
		{5BE098FD-5AA6-405B-90F5-8D70AF78C262}.Debug|Any CPU.ActiveCfg = Debug|Any CPU
		{5BE098FD-5AA6-405B-90F5-8D70AF78C262}.Debug|Any CPU.Build.0 = Debug|Any CPU
		{5BE098FD-5AA6-405B-90F5-8D70AF78C262}.Release|Any CPU.ActiveCfg = Release|Any CPU
		{5BE098FD-5AA6-405B-90F5-8D70AF78C262}.Release|Any CPU.Build.0 = Release|Any CPU
		{F712737C-E4C1-4942-A080-81D18D9A8465}.Debug|Any CPU.ActiveCfg = Debug|Any CPU
		{F712737C-E4C1-4942-A080-81D18D9A8465}.Debug|Any CPU.Build.0 = Debug|Any CPU
		{F712737C-E4C1-4942-A080-81D18D9A8465}.Release|Any CPU.ActiveCfg = Release|Any CPU
		{F712737C-E4C1-4942-A080-81D18D9A8465}.Release|Any CPU.Build.0 = Release|Any CPU
	EndGlobalSection
	GlobalSection(SolutionProperties) = preSolution
		HideSolutionNode = FALSE
	EndGlobalSection
EndGlobal
