
Microsoft Visual Studio Solution File, Format Version 12.00
# Visual Studio 15
VisualStudioVersion = 15.0.26430.6
MinimumVisualStudioVersion = 10.0.40219.1
Project("{FAE04EC0-301F-11D3-BF4B-00C04F79EFBC}") = "01. Max Sequence of Equal Elements", "01. Max Sequence of Equal Elements\01. Max Sequence of Equal Elements.csproj", "{DE1D0125-A1CC-4ED2-AC00-80C80B448EDB}"
EndProject
Project("{FAE04EC0-301F-11D3-BF4B-00C04F79EFBC}") = "02. Change List", "02. Change List\02. Change List.csproj", "{C833F111-0C9C-4406-8D73-7FB6944A7E12}"
EndProject
Project("{FAE04EC0-301F-11D3-BF4B-00C04F79EFBC}") = "03. Search for a Number", "03. Search for a Number\03. Search for a Number.csproj", "{B82B469E-2AF3-480B-AC3A-10262B0E303E}"
EndProject
Project("{FAE04EC0-301F-11D3-BF4B-00C04F79EFBC}") = "04. Longest Increasing Subsequence", "04. Longest Increasing Subsequence\04. Longest Increasing Subsequence.csproj", "{15B63843-04DC-45B9-9B6F-CD7FE9E671C9}"
EndProject
Project("{FAE04EC0-301F-11D3-BF4B-00C04F79EFBC}") = "06. Sum Reversed Numbers", "06. Sum Reversed Numbers\06. Sum Reversed Numbers.csproj", "{FA22590B-7935-491E-9878-3EEAAF64A4E4}"
EndProject
Project("{FAE04EC0-301F-11D3-BF4B-00C04F79EFBC}") = "07. Bomb Numbers", "07. Bomb Numbers\07. Bomb Numbers.csproj", "{984DABBB-E1FB-41D0-8C80-503A03741D47}"
EndProject
Project("{FAE04EC0-301F-11D3-BF4B-00C04F79EFBC}") = "05. Array Manipulator", "05. Array Manipulator\05. Array Manipulator.csproj", "{AC0480B9-18C8-4EEB-9E19-52944F9A9C2F}"
EndProject
Global
	GlobalSection(SolutionConfigurationPlatforms) = preSolution
		Debug|Any CPU = Debug|Any CPU
		Release|Any CPU = Release|Any CPU
	EndGlobalSection
	GlobalSection(ProjectConfigurationPlatforms) = postSolution
		{DE1D0125-A1CC-4ED2-AC00-80C80B448EDB}.Debug|Any CPU.ActiveCfg = Debug|Any CPU
		{DE1D0125-A1CC-4ED2-AC00-80C80B448EDB}.Debug|Any CPU.Build.0 = Debug|Any CPU
		{DE1D0125-A1CC-4ED2-AC00-80C80B448EDB}.Release|Any CPU.ActiveCfg = Release|Any CPU
		{DE1D0125-A1CC-4ED2-AC00-80C80B448EDB}.Release|Any CPU.Build.0 = Release|Any CPU
		{C833F111-0C9C-4406-8D73-7FB6944A7E12}.Debug|Any CPU.ActiveCfg = Debug|Any CPU
		{C833F111-0C9C-4406-8D73-7FB6944A7E12}.Debug|Any CPU.Build.0 = Debug|Any CPU
		{C833F111-0C9C-4406-8D73-7FB6944A7E12}.Release|Any CPU.ActiveCfg = Release|Any CPU
		{C833F111-0C9C-4406-8D73-7FB6944A7E12}.Release|Any CPU.Build.0 = Release|Any CPU
		{B82B469E-2AF3-480B-AC3A-10262B0E303E}.Debug|Any CPU.ActiveCfg = Debug|Any CPU
		{B82B469E-2AF3-480B-AC3A-10262B0E303E}.Debug|Any CPU.Build.0 = Debug|Any CPU
		{B82B469E-2AF3-480B-AC3A-10262B0E303E}.Release|Any CPU.ActiveCfg = Release|Any CPU
		{B82B469E-2AF3-480B-AC3A-10262B0E303E}.Release|Any CPU.Build.0 = Release|Any CPU
		{15B63843-04DC-45B9-9B6F-CD7FE9E671C9}.Debug|Any CPU.ActiveCfg = Debug|Any CPU
		{15B63843-04DC-45B9-9B6F-CD7FE9E671C9}.Debug|Any CPU.Build.0 = Debug|Any CPU
		{15B63843-04DC-45B9-9B6F-CD7FE9E671C9}.Release|Any CPU.ActiveCfg = Release|Any CPU
		{15B63843-04DC-45B9-9B6F-CD7FE9E671C9}.Release|Any CPU.Build.0 = Release|Any CPU
		{FA22590B-7935-491E-9878-3EEAAF64A4E4}.Debug|Any CPU.ActiveCfg = Debug|Any CPU
		{FA22590B-7935-491E-9878-3EEAAF64A4E4}.Debug|Any CPU.Build.0 = Debug|Any CPU
		{FA22590B-7935-491E-9878-3EEAAF64A4E4}.Release|Any CPU.ActiveCfg = Release|Any CPU
		{FA22590B-7935-491E-9878-3EEAAF64A4E4}.Release|Any CPU.Build.0 = Release|Any CPU
		{984DABBB-E1FB-41D0-8C80-503A03741D47}.Debug|Any CPU.ActiveCfg = Debug|Any CPU
		{984DABBB-E1FB-41D0-8C80-503A03741D47}.Debug|Any CPU.Build.0 = Debug|Any CPU
		{984DABBB-E1FB-41D0-8C80-503A03741D47}.Release|Any CPU.ActiveCfg = Release|Any CPU
		{984DABBB-E1FB-41D0-8C80-503A03741D47}.Release|Any CPU.Build.0 = Release|Any CPU
		{AC0480B9-18C8-4EEB-9E19-52944F9A9C2F}.Debug|Any CPU.ActiveCfg = Debug|Any CPU
		{AC0480B9-18C8-4EEB-9E19-52944F9A9C2F}.Debug|Any CPU.Build.0 = Debug|Any CPU
		{AC0480B9-18C8-4EEB-9E19-52944F9A9C2F}.Release|Any CPU.ActiveCfg = Release|Any CPU
		{AC0480B9-18C8-4EEB-9E19-52944F9A9C2F}.Release|Any CPU.Build.0 = Release|Any CPU
	EndGlobalSection
	GlobalSection(SolutionProperties) = preSolution
		HideSolutionNode = FALSE
	EndGlobalSection
EndGlobal
