
Microsoft Visual Studio Solution File, Format Version 12.00
# Visual Studio 15
VisualStudioVersion = 15.0.26430.6
MinimumVisualStudioVersion = 10.0.40219.1
Project("{FAE04EC0-301F-11D3-BF4B-00C04F79EFBC}") = "01. Softuni Coffee Orders", "01. Softuni Coffee Orders\01. Softuni Coffee Orders.csproj", "{6159EA8F-7056-48BB-9715-17212C18B459}"
EndProject
Project("{FAE04EC0-301F-11D3-BF4B-00C04F79EFBC}") = "02. Command Interpreter", "02. Command Interpreter\02. Command Interpreter.csproj", "{6FFB74D3-560F-413D-AC89-917B3E8568BB}"
EndProject
Project("{FAE04EC0-301F-11D3-BF4B-00C04F79EFBC}") = "03. Rage Quit", "03. Rage Quit\03. Rage Quit.csproj", "{761F72FC-5C56-41CA-987B-F9448E29F889}"
EndProject
Project("{FAE04EC0-301F-11D3-BF4B-00C04F79EFBC}") = "04. Files", "04. Files\04. Files.csproj", "{7B5A8C00-3BD6-4807-B56E-CC39F1F97C6C}"
EndProject
Global
	GlobalSection(SolutionConfigurationPlatforms) = preSolution
		Debug|Any CPU = Debug|Any CPU
		Release|Any CPU = Release|Any CPU
	EndGlobalSection
	GlobalSection(ProjectConfigurationPlatforms) = postSolution
		{6159EA8F-7056-48BB-9715-17212C18B459}.Debug|Any CPU.ActiveCfg = Debug|Any CPU
		{6159EA8F-7056-48BB-9715-17212C18B459}.Debug|Any CPU.Build.0 = Debug|Any CPU
		{6159EA8F-7056-48BB-9715-17212C18B459}.Release|Any CPU.ActiveCfg = Release|Any CPU
		{6159EA8F-7056-48BB-9715-17212C18B459}.Release|Any CPU.Build.0 = Release|Any CPU
		{6FFB74D3-560F-413D-AC89-917B3E8568BB}.Debug|Any CPU.ActiveCfg = Debug|Any CPU
		{6FFB74D3-560F-413D-AC89-917B3E8568BB}.Debug|Any CPU.Build.0 = Debug|Any CPU
		{6FFB74D3-560F-413D-AC89-917B3E8568BB}.Release|Any CPU.ActiveCfg = Release|Any CPU
		{6FFB74D3-560F-413D-AC89-917B3E8568BB}.Release|Any CPU.Build.0 = Release|Any CPU
		{761F72FC-5C56-41CA-987B-F9448E29F889}.Debug|Any CPU.ActiveCfg = Debug|Any CPU
		{761F72FC-5C56-41CA-987B-F9448E29F889}.Debug|Any CPU.Build.0 = Debug|Any CPU
		{761F72FC-5C56-41CA-987B-F9448E29F889}.Release|Any CPU.ActiveCfg = Release|Any CPU
		{761F72FC-5C56-41CA-987B-F9448E29F889}.Release|Any CPU.Build.0 = Release|Any CPU
		{7B5A8C00-3BD6-4807-B56E-CC39F1F97C6C}.Debug|Any CPU.ActiveCfg = Debug|Any CPU
		{7B5A8C00-3BD6-4807-B56E-CC39F1F97C6C}.Debug|Any CPU.Build.0 = Debug|Any CPU
		{7B5A8C00-3BD6-4807-B56E-CC39F1F97C6C}.Release|Any CPU.ActiveCfg = Release|Any CPU
		{7B5A8C00-3BD6-4807-B56E-CC39F1F97C6C}.Release|Any CPU.Build.0 = Release|Any CPU
	EndGlobalSection
	GlobalSection(SolutionProperties) = preSolution
		HideSolutionNode = FALSE
	EndGlobalSection
EndGlobal
