
Microsoft Visual Studio Solution File, Format Version 12.00
# Visual Studio 15
VisualStudioVersion = 15.0.26430.6
MinimumVisualStudioVersion = 10.0.40219.1
Project("{FAE04EC0-301F-11D3-BF4B-00C04F79EFBC}") = "01. Extract Emails", "01. Extract Emails\01. Extract Emails.csproj", "{441C5BC2-3862-4714-9462-357F0D6B596A}"
EndProject
Project("{FAE04EC0-301F-11D3-BF4B-00C04F79EFBC}") = "02. Extract Sentences by Keyword", "02. Extract Sentences by Keyword\02. Extract Sentences by Keyword.csproj", "{439D05E5-F626-459D-9835-7C8F7D5664C2}"
EndProject
Project("{FAE04EC0-301F-11D3-BF4B-00C04F79EFBC}") = "04. Weather", "04. Weather\04. Weather.csproj", "{89E4A9F5-B28A-45FF-81D2-AC2BB3126657}"
EndProject
Project("{FAE04EC0-301F-11D3-BF4B-00C04F79EFBC}") = "08. Use Your Chains, Buddy", "08. Use Your Chains, Buddy\08. Use Your Chains, Buddy.csproj", "{6D67C262-AE39-420F-8D83-6674875B5D74}"
EndProject
Project("{FAE04EC0-301F-11D3-BF4B-00C04F79EFBC}") = "03. Camera View", "03. Camera View\03. Camera View.csproj", "{F7CE44FA-8053-4280-A949-FA5D22922BA9}"
EndProject
Project("{FAE04EC0-301F-11D3-BF4B-00C04F79EFBC}") = "05. Key Replacer", "05. Key Replacer\05. Key Replacer.csproj", "{BCF98387-0A03-4FE6-86A6-13CE17973BAB}"
EndProject
Project("{FAE04EC0-301F-11D3-BF4B-00C04F79EFBC}") = "06. Valid Usernames", "06. Valid Usernames\06. Valid Usernames.csproj", "{9C7259C7-75F0-4226-9395-3FCA9A1CB824}"
EndProject
Project("{FAE04EC0-301F-11D3-BF4B-00C04F79EFBC}") = "07. Query Mess", "07. Query Mess\07. Query Mess.csproj", "{EFE90AC5-87E6-46A5-8A24-54B12760282E}"
EndProject
Global
	GlobalSection(SolutionConfigurationPlatforms) = preSolution
		Debug|Any CPU = Debug|Any CPU
		Release|Any CPU = Release|Any CPU
	EndGlobalSection
	GlobalSection(ProjectConfigurationPlatforms) = postSolution
		{441C5BC2-3862-4714-9462-357F0D6B596A}.Debug|Any CPU.ActiveCfg = Debug|Any CPU
		{441C5BC2-3862-4714-9462-357F0D6B596A}.Debug|Any CPU.Build.0 = Debug|Any CPU
		{441C5BC2-3862-4714-9462-357F0D6B596A}.Release|Any CPU.ActiveCfg = Release|Any CPU
		{441C5BC2-3862-4714-9462-357F0D6B596A}.Release|Any CPU.Build.0 = Release|Any CPU
		{439D05E5-F626-459D-9835-7C8F7D5664C2}.Debug|Any CPU.ActiveCfg = Debug|Any CPU
		{439D05E5-F626-459D-9835-7C8F7D5664C2}.Debug|Any CPU.Build.0 = Debug|Any CPU
		{439D05E5-F626-459D-9835-7C8F7D5664C2}.Release|Any CPU.ActiveCfg = Release|Any CPU
		{439D05E5-F626-459D-9835-7C8F7D5664C2}.Release|Any CPU.Build.0 = Release|Any CPU
		{89E4A9F5-B28A-45FF-81D2-AC2BB3126657}.Debug|Any CPU.ActiveCfg = Debug|Any CPU
		{89E4A9F5-B28A-45FF-81D2-AC2BB3126657}.Debug|Any CPU.Build.0 = Debug|Any CPU
		{89E4A9F5-B28A-45FF-81D2-AC2BB3126657}.Release|Any CPU.ActiveCfg = Release|Any CPU
		{89E4A9F5-B28A-45FF-81D2-AC2BB3126657}.Release|Any CPU.Build.0 = Release|Any CPU
		{6D67C262-AE39-420F-8D83-6674875B5D74}.Debug|Any CPU.ActiveCfg = Debug|Any CPU
		{6D67C262-AE39-420F-8D83-6674875B5D74}.Debug|Any CPU.Build.0 = Debug|Any CPU
		{6D67C262-AE39-420F-8D83-6674875B5D74}.Release|Any CPU.ActiveCfg = Release|Any CPU
		{6D67C262-AE39-420F-8D83-6674875B5D74}.Release|Any CPU.Build.0 = Release|Any CPU
		{F7CE44FA-8053-4280-A949-FA5D22922BA9}.Debug|Any CPU.ActiveCfg = Debug|Any CPU
		{F7CE44FA-8053-4280-A949-FA5D22922BA9}.Debug|Any CPU.Build.0 = Debug|Any CPU
		{F7CE44FA-8053-4280-A949-FA5D22922BA9}.Release|Any CPU.ActiveCfg = Release|Any CPU
		{F7CE44FA-8053-4280-A949-FA5D22922BA9}.Release|Any CPU.Build.0 = Release|Any CPU
		{BCF98387-0A03-4FE6-86A6-13CE17973BAB}.Debug|Any CPU.ActiveCfg = Debug|Any CPU
		{BCF98387-0A03-4FE6-86A6-13CE17973BAB}.Debug|Any CPU.Build.0 = Debug|Any CPU
		{BCF98387-0A03-4FE6-86A6-13CE17973BAB}.Release|Any CPU.ActiveCfg = Release|Any CPU
		{BCF98387-0A03-4FE6-86A6-13CE17973BAB}.Release|Any CPU.Build.0 = Release|Any CPU
		{9C7259C7-75F0-4226-9395-3FCA9A1CB824}.Debug|Any CPU.ActiveCfg = Debug|Any CPU
		{9C7259C7-75F0-4226-9395-3FCA9A1CB824}.Debug|Any CPU.Build.0 = Debug|Any CPU
		{9C7259C7-75F0-4226-9395-3FCA9A1CB824}.Release|Any CPU.ActiveCfg = Release|Any CPU
		{9C7259C7-75F0-4226-9395-3FCA9A1CB824}.Release|Any CPU.Build.0 = Release|Any CPU
		{EFE90AC5-87E6-46A5-8A24-54B12760282E}.Debug|Any CPU.ActiveCfg = Debug|Any CPU
		{EFE90AC5-87E6-46A5-8A24-54B12760282E}.Debug|Any CPU.Build.0 = Debug|Any CPU
		{EFE90AC5-87E6-46A5-8A24-54B12760282E}.Release|Any CPU.ActiveCfg = Release|Any CPU
		{EFE90AC5-87E6-46A5-8A24-54B12760282E}.Release|Any CPU.Build.0 = Release|Any CPU
	EndGlobalSection
	GlobalSection(SolutionProperties) = preSolution
		HideSolutionNode = FALSE
	EndGlobalSection
EndGlobal
